
Microsoft Visual Studio Solution File, Format Version 12.00
# Visual Studio Version 17
VisualStudioVersion = 17.14.36401.2
MinimumVisualStudioVersion = 10.0.40219.1
Project("{FAE04EC0-301F-11D3-BF4B-00C04F79EFBC}") = "DbModelGenerator", "DbModelGenerator.csproj", "{56C0BD48-2AD1-45A8-B48B-28077642AFE1}"
EndProject
Global
	GlobalSection(SolutionConfigurationPlatforms) = preSolution
		Debug|Any CPU = Debug|Any CPU
		Release|Any CPU = Release|Any CPU
	EndGlobalSection
	GlobalSection(ProjectConfigurationPlatforms) = postSolution
		{56C0BD48-2AD1-45A8-B48B-28077642AFE1}.Debug|Any CPU.ActiveCfg = Debug|Any CPU
		{56C0BD48-2AD1-45A8-B48B-28077642AFE1}.Debug|Any CPU.Build.0 = Debug|Any CPU
		{56C0BD48-2AD1-45A8-B48B-28077642AFE1}.Release|Any CPU.ActiveCfg = Release|Any CPU
		{56C0BD48-2AD1-45A8-B48B-28077642AFE1}.Release|Any CPU.Build.0 = Release|Any CPU
	EndGlobalSection
	GlobalSection(SolutionProperties) = preSolution
		HideSolutionNode = FALSE
	EndGlobalSection
	GlobalSection(ExtensibilityGlobals) = postSolution
		SolutionGuid = {A9A70BF3-275E-40AC-B949-6FD1A6F823CA}
	EndGlobalSection
EndGlobal
